
Microsoft Visual Studio Solution File, Format Version 12.00
# Visual Studio Version 17
VisualStudioVersion = 17.11.35327.3
MinimumVisualStudioVersion = 10.0.40219.1
Project("{9A19103F-16F7-4668-BE54-9A1E7A4F7556}") = "Bulbapedia", "Bulbapedia\Bulbapedia.csproj", "{9B0EEE3D-9D5D-4284-AF7C-6AE780A6B05F}"
EndProject
Project("{FAE04EC0-301F-11D3-BF4B-00C04F79EFBC}") = "UITAP", "UITAP\UITAP.csproj", "{643897E7-2A89-47C8-BE1F-8BDBB039B4C4}"
EndProject
Global
	GlobalSection(SolutionConfigurationPlatforms) = preSolution
		Debug|Any CPU = Debug|Any CPU
		Release|Any CPU = Release|Any CPU
	EndGlobalSection
	GlobalSection(ProjectConfigurationPlatforms) = postSolution
		{9B0EEE3D-9D5D-4284-AF7C-6AE780A6B05F}.Debug|Any CPU.ActiveCfg = Debug|Any CPU
		{9B0EEE3D-9D5D-4284-AF7C-6AE780A6B05F}.Debug|Any CPU.Build.0 = Debug|Any CPU
		{9B0EEE3D-9D5D-4284-AF7C-6AE780A6B05F}.Release|Any CPU.ActiveCfg = Release|Any CPU
		{9B0EEE3D-9D5D-4284-AF7C-6AE780A6B05F}.Release|Any CPU.Build.0 = Release|Any CPU
		{643897E7-2A89-47C8-BE1F-8BDBB039B4C4}.Debug|Any CPU.ActiveCfg = Debug|Any CPU
		{643897E7-2A89-47C8-BE1F-8BDBB039B4C4}.Debug|Any CPU.Build.0 = Debug|Any CPU
		{643897E7-2A89-47C8-BE1F-8BDBB039B4C4}.Release|Any CPU.ActiveCfg = Release|Any CPU
		{643897E7-2A89-47C8-BE1F-8BDBB039B4C4}.Release|Any CPU.Build.0 = Release|Any CPU
	EndGlobalSection
	GlobalSection(SolutionProperties) = preSolution
		HideSolutionNode = FALSE
	EndGlobalSection
	GlobalSection(ExtensibilityGlobals) = postSolution
		SolutionGuid = {EC00E65B-BCE4-4B9D-B00C-E1F5BCE879D5}
	EndGlobalSection
EndGlobal
